{
  "name": "paymoni",
  "version": "1.0.0",
  "lockfileVersion": 1,
  "requires": true,
  "dependencies": {
    "async": {
      "version": "2.6.2",
      "resolved": "https://registry.npmjs.org/async/-/async-2.6.2.tgz",
      "integrity": "sha512-H1qVYh1MYhEEFLsP97cVKqCGo7KfCyTt6uEWqsTBr9SO84oK9Uwbyd/yCW+6rKJLHksBNUVWZDAjfS+Ccx0Bbg==",
      "requires": {
        "lodash": "^4.17.11"
      }
    },
    "lodash": {
      "version": "4.17.19",
      "resolved": "https://registry.npmjs.org/lodash/-/lodash-4.17.19.tgz",
      "integrity": "sha512-JNvd8XER9GQX0v2qJgsaN/mzFCNA5BRe/j8JN9d+tWyGLSodKQHKFicdwNYzWwI3wjRnaKPsGj1XkBjx/F96DQ=="
    },
    "ussd-menu-builder": {
      "version": "1.1.1",
      "resolved": "https://registry.npmjs.org/ussd-menu-builder/-/ussd-menu-builder-1.1.1.tgz",
      "integrity": "sha512-yb8/MtxeRHPWUWtk67ZwBvf0rXQOumHAQVe3QfvoGGHtWEm3aHnrQBDVB5RZzfC7TZgQutBCiaPrCJU+Kd/1Qg==",
      "requires": {
        "async": "^2.6.1"
      }
    },
    "yarn": {
      "version": "1.16.0",
      "resolved": "https://registry.npmjs.org/yarn/-/yarn-1.16.0.tgz",
      "integrity": "sha512-cfemyGlnWKA1zopUUgebTPf8C4WkPIZ+TJmklwcEAJ4u6oWPtJeAzrsamaGGh/+b1XWe8W51yzAImC4AWbWR1g=="
    }
  }
}
