{
  "name": "paymoni",
  "version": "1.0.0",
  "lockfileVersion": 1,
  "requires": true,
  "dependencies": {
    "async": {
      "version": "2.6.4",
      "resolved": "https://registry.npmjs.org/async/-/async-2.6.4.tgz",
      "integrity": "sha512-mzo5dfJYwAn29PeiJ0zvwTo04zj8HDJj0Mn8TD7sno7q12prdbnasKJHhkm2c1LgrhlJ0teaea8860oxi51mGA==",
      "requires": {
        "lodash": "^4.17.14"
      },
      "dependencies": {
        "lodash": {
          "version": "4.17.21",
          "resolved": "https://registry.npmjs.org/lodash/-/lodash-4.17.21.tgz",
          "integrity": "sha512-v2kDEe57lecTulaDIuNTPy3Ry4gLGJ6Z1O3vE1krgXZNrsQ+LFTGHVxVjcXPs17LhbZVGedAJv8XZ1tvj5FvSg=="
        }
      }
    },
    "ussd-menu-builder": {
      "version": "1.1.1",
      "resolved": "https://registry.npmjs.org/ussd-menu-builder/-/ussd-menu-builder-1.1.1.tgz",
      "integrity": "sha512-yb8/MtxeRHPWUWtk67ZwBvf0rXQOumHAQVe3QfvoGGHtWEm3aHnrQBDVB5RZzfC7TZgQutBCiaPrCJU+Kd/1Qg==",
      "requires": {
        "async": "^2.6.1"
      }
    },
    "yarn": {
      "version": "1.16.0",
      "resolved": "https://registry.npmjs.org/yarn/-/yarn-1.16.0.tgz",
      "integrity": "sha512-cfemyGlnWKA1zopUUgebTPf8C4WkPIZ+TJmklwcEAJ4u6oWPtJeAzrsamaGGh/+b1XWe8W51yzAImC4AWbWR1g=="
    }
  }
}
